
Microsoft Visual Studio Solution File, Format Version 12.00
# Visual Studio 15
VisualStudioVersion = 15.0.26124.0
MinimumVisualStudioVersion = 15.0.26124.0
Project("{2150E333-8FDC-42A3-9474-1A3956D46DE8}") = "src", "src", "{1F780419-A40F-44CD-8BDA-4748D55B0A3B}"
EndProject
Project("{FAE04EC0-301F-11D3-BF4B-00C04F79EFBC}") = "SimpleAPI", "src\SimpleAPI\SimpleAPI.csproj", "{80EF1960-E85C-4792-B5D3-C36EE9064E33}"
EndProject
Project("{2150E333-8FDC-42A3-9474-1A3956D46DE8}") = "test", "test", "{CED58CC8-1EE5-4A99-A2BF-E5483B733AFA}"
EndProject
Project("{FAE04EC0-301F-11D3-BF4B-00C04F79EFBC}") = "SimpleAPI.Tests", "test\SimpleAPI.Tests\SimpleAPI.Tests.csproj", "{8E3315FC-684A-40A6-AF57-63F9B5D88610}"
EndProject
Global
	GlobalSection(SolutionConfigurationPlatforms) = preSolution
		Debug|Any CPU = Debug|Any CPU
		Debug|x64 = Debug|x64
		Debug|x86 = Debug|x86
		Release|Any CPU = Release|Any CPU
		Release|x64 = Release|x64
		Release|x86 = Release|x86
	EndGlobalSection
	GlobalSection(SolutionProperties) = preSolution
		HideSolutionNode = FALSE
	EndGlobalSection
	GlobalSection(ProjectConfigurationPlatforms) = postSolution
		{80EF1960-E85C-4792-B5D3-C36EE9064E33}.Debug|Any CPU.ActiveCfg = Debug|Any CPU
		{80EF1960-E85C-4792-B5D3-C36EE9064E33}.Debug|Any CPU.Build.0 = Debug|Any CPU
		{80EF1960-E85C-4792-B5D3-C36EE9064E33}.Debug|x64.ActiveCfg = Debug|Any CPU
		{80EF1960-E85C-4792-B5D3-C36EE9064E33}.Debug|x64.Build.0 = Debug|Any CPU
		{80EF1960-E85C-4792-B5D3-C36EE9064E33}.Debug|x86.ActiveCfg = Debug|Any CPU
		{80EF1960-E85C-4792-B5D3-C36EE9064E33}.Debug|x86.Build.0 = Debug|Any CPU
		{80EF1960-E85C-4792-B5D3-C36EE9064E33}.Release|Any CPU.ActiveCfg = Release|Any CPU
		{80EF1960-E85C-4792-B5D3-C36EE9064E33}.Release|Any CPU.Build.0 = Release|Any CPU
		{80EF1960-E85C-4792-B5D3-C36EE9064E33}.Release|x64.ActiveCfg = Release|Any CPU
		{80EF1960-E85C-4792-B5D3-C36EE9064E33}.Release|x64.Build.0 = Release|Any CPU
		{80EF1960-E85C-4792-B5D3-C36EE9064E33}.Release|x86.ActiveCfg = Release|Any CPU
		{80EF1960-E85C-4792-B5D3-C36EE9064E33}.Release|x86.Build.0 = Release|Any CPU
		{8E3315FC-684A-40A6-AF57-63F9B5D88610}.Debug|Any CPU.ActiveCfg = Debug|Any CPU
		{8E3315FC-684A-40A6-AF57-63F9B5D88610}.Debug|Any CPU.Build.0 = Debug|Any CPU
		{8E3315FC-684A-40A6-AF57-63F9B5D88610}.Debug|x64.ActiveCfg = Debug|Any CPU
		{8E3315FC-684A-40A6-AF57-63F9B5D88610}.Debug|x64.Build.0 = Debug|Any CPU
		{8E3315FC-684A-40A6-AF57-63F9B5D88610}.Debug|x86.ActiveCfg = Debug|Any CPU
		{8E3315FC-684A-40A6-AF57-63F9B5D88610}.Debug|x86.Build.0 = Debug|Any CPU
		{8E3315FC-684A-40A6-AF57-63F9B5D88610}.Release|Any CPU.ActiveCfg = Release|Any CPU
		{8E3315FC-684A-40A6-AF57-63F9B5D88610}.Release|Any CPU.Build.0 = Release|Any CPU
		{8E3315FC-684A-40A6-AF57-63F9B5D88610}.Release|x64.ActiveCfg = Release|Any CPU
		{8E3315FC-684A-40A6-AF57-63F9B5D88610}.Release|x64.Build.0 = Release|Any CPU
		{8E3315FC-684A-40A6-AF57-63F9B5D88610}.Release|x86.ActiveCfg = Release|Any CPU
		{8E3315FC-684A-40A6-AF57-63F9B5D88610}.Release|x86.Build.0 = Release|Any CPU
	EndGlobalSection
	GlobalSection(NestedProjects) = preSolution
		{80EF1960-E85C-4792-B5D3-C36EE9064E33} = {1F780419-A40F-44CD-8BDA-4748D55B0A3B}
		{8E3315FC-684A-40A6-AF57-63F9B5D88610} = {CED58CC8-1EE5-4A99-A2BF-E5483B733AFA}
	EndGlobalSection
EndGlobal
